
Microsoft Visual Studio Solution File, Format Version 12.00
# Visual Studio Version 17
VisualStudioVersion = 17.9.34622.214
MinimumVisualStudioVersion = 10.0.40219.1
Project("{FAE04EC0-301F-11D3-BF4B-00C04F79EFBC}") = "BankApp1", "BankApp1\BankApp1.csproj", "{FEB5E5A6-DEED-4C8B-A171-4433C1CFD91B}"
EndProject
Global
	GlobalSection(SolutionConfigurationPlatforms) = preSolution
		Debug|Any CPU = Debug|Any CPU
		Release|Any CPU = Release|Any CPU
	EndGlobalSection
	GlobalSection(ProjectConfigurationPlatforms) = postSolution
		{FEB5E5A6-DEED-4C8B-A171-4433C1CFD91B}.Debug|Any CPU.ActiveCfg = Debug|Any CPU
		{FEB5E5A6-DEED-4C8B-A171-4433C1CFD91B}.Debug|Any CPU.Build.0 = Debug|Any CPU
		{FEB5E5A6-DEED-4C8B-A171-4433C1CFD91B}.Release|Any CPU.ActiveCfg = Release|Any CPU
		{FEB5E5A6-DEED-4C8B-A171-4433C1CFD91B}.Release|Any CPU.Build.0 = Release|Any CPU
	EndGlobalSection
	GlobalSection(SolutionProperties) = preSolution
		HideSolutionNode = FALSE
	EndGlobalSection
	GlobalSection(ExtensibilityGlobals) = postSolution
		SolutionGuid = {FA71C546-D4AA-4074-8266-6A835E5B23C4}
	EndGlobalSection
EndGlobal
